
Microsoft Visual Studio Solution File, Format Version 12.00
# Visual Studio Version 17
VisualStudioVersion = 17.5.001.0
MinimumVisualStudioVersion = 10.0.40219.1
Project("{2150E333-8FDC-42A3-9474-1A3956D46DE8}") = "180823", "180823", "{A6E3F5E9-282B-4A85-9039-7C7B3F35F96B}"
EndProject
Project("{9A19103F-16F7-4668-BE54-9A1E7A4F7556}") = "180823", "180823\Program\180823.csproj", "{89E59AF9-C65F-4FB1-A27A-66E2A77B14A1}"
EndProject
Project("{2150E333-8FDC-42A3-9474-1A3956D46DE8}") = "250823", "250823", "{F600CFCA-8C3C-4894-8603-CD65F0080DA8}"
EndProject
Project("{9A19103F-16F7-4668-BE54-9A1E7A4F7556}") = "Program", "250823\Program\Program.csproj", "{10F822F9-9634-4659-9983-7F99EE973487}"
EndProject
Global
	GlobalSection(SolutionConfigurationPlatforms) = preSolution
		Debug|Any CPU = Debug|Any CPU
		Release|Any CPU = Release|Any CPU
	EndGlobalSection
	GlobalSection(ProjectConfigurationPlatforms) = postSolution
		{89E59AF9-C65F-4FB1-A27A-66E2A77B14A1}.Debug|Any CPU.ActiveCfg = Debug|Any CPU
		{89E59AF9-C65F-4FB1-A27A-66E2A77B14A1}.Debug|Any CPU.Build.0 = Debug|Any CPU
		{89E59AF9-C65F-4FB1-A27A-66E2A77B14A1}.Release|Any CPU.ActiveCfg = Release|Any CPU
		{89E59AF9-C65F-4FB1-A27A-66E2A77B14A1}.Release|Any CPU.Build.0 = Release|Any CPU
		{10F822F9-9634-4659-9983-7F99EE973487}.Debug|Any CPU.ActiveCfg = Debug|Any CPU
		{10F822F9-9634-4659-9983-7F99EE973487}.Debug|Any CPU.Build.0 = Debug|Any CPU
		{10F822F9-9634-4659-9983-7F99EE973487}.Release|Any CPU.ActiveCfg = Release|Any CPU
		{10F822F9-9634-4659-9983-7F99EE973487}.Release|Any CPU.Build.0 = Release|Any CPU
	EndGlobalSection
	GlobalSection(SolutionProperties) = preSolution
		HideSolutionNode = FALSE
	EndGlobalSection
	GlobalSection(NestedProjects) = preSolution
		{89E59AF9-C65F-4FB1-A27A-66E2A77B14A1} = {A6E3F5E9-282B-4A85-9039-7C7B3F35F96B}
		{10F822F9-9634-4659-9983-7F99EE973487} = {F600CFCA-8C3C-4894-8603-CD65F0080DA8}
	EndGlobalSection
	GlobalSection(ExtensibilityGlobals) = postSolution
		SolutionGuid = {0543C857-F348-4E4A-A68F-2B1161A703FB}
	EndGlobalSection
EndGlobal
